
Microsoft Visual Studio Solution File, Format Version 12.00
# Visual Studio Version 16
VisualStudioVersion = 16.0.30907.101
MinimumVisualStudioVersion = 10.0.40219.1
Project("{9A19103F-16F7-4668-BE54-9A1E7A4F7556}") = "SlackNotification", "SlackNotification\SlackNotification.csproj", "{F8BCB43D-C20A-4563-AA7D-10F1CE2BCB70}"
EndProject
Project("{9A19103F-16F7-4668-BE54-9A1E7A4F7556}") = "SlackNotification.Tests", "SlackNotification.Tests\SlackNotification.Tests.csproj", "{B06661B2-BED6-4B41-B89A-1DA52C82EF2C}"
EndProject
Project("{FAE04EC0-301F-11D3-BF4B-00C04F79EFBC}") = "NugetTest.Tests", "NugetTest.Tests\NugetTest.Tests.csproj", "{7FC7B2FD-69F9-40C8-9B2A-0BD01AD8A88B}"
EndProject
Global
	GlobalSection(SolutionConfigurationPlatforms) = preSolution
		Debug|Any CPU = Debug|Any CPU
		Release|Any CPU = Release|Any CPU
	EndGlobalSection
	GlobalSection(ProjectConfigurationPlatforms) = postSolution
		{F8BCB43D-C20A-4563-AA7D-10F1CE2BCB70}.Debug|Any CPU.ActiveCfg = Debug|Any CPU
		{F8BCB43D-C20A-4563-AA7D-10F1CE2BCB70}.Debug|Any CPU.Build.0 = Debug|Any CPU
		{F8BCB43D-C20A-4563-AA7D-10F1CE2BCB70}.Release|Any CPU.ActiveCfg = Release|Any CPU
		{F8BCB43D-C20A-4563-AA7D-10F1CE2BCB70}.Release|Any CPU.Build.0 = Release|Any CPU
		{B06661B2-BED6-4B41-B89A-1DA52C82EF2C}.Debug|Any CPU.ActiveCfg = Debug|Any CPU
		{B06661B2-BED6-4B41-B89A-1DA52C82EF2C}.Debug|Any CPU.Build.0 = Debug|Any CPU
		{B06661B2-BED6-4B41-B89A-1DA52C82EF2C}.Release|Any CPU.ActiveCfg = Release|Any CPU
		{B06661B2-BED6-4B41-B89A-1DA52C82EF2C}.Release|Any CPU.Build.0 = Release|Any CPU
		{7FC7B2FD-69F9-40C8-9B2A-0BD01AD8A88B}.Debug|Any CPU.ActiveCfg = Debug|Any CPU
		{7FC7B2FD-69F9-40C8-9B2A-0BD01AD8A88B}.Debug|Any CPU.Build.0 = Debug|Any CPU
		{7FC7B2FD-69F9-40C8-9B2A-0BD01AD8A88B}.Release|Any CPU.ActiveCfg = Release|Any CPU
		{7FC7B2FD-69F9-40C8-9B2A-0BD01AD8A88B}.Release|Any CPU.Build.0 = Release|Any CPU
	EndGlobalSection
	GlobalSection(SolutionProperties) = preSolution
		HideSolutionNode = FALSE
	EndGlobalSection
	GlobalSection(ExtensibilityGlobals) = postSolution
		SolutionGuid = {F4865876-1DF6-4F32-92E4-812CE94E4A09}
	EndGlobalSection
EndGlobal
